PODS:
  - Alamofire (5.8.1)
  - Domain (1.0.0):
    - RxCocoa
  - MBProgressHUD (1.2.0)
  - "NSObject+Rx (5.2.2)":
    - RxSwift (~> 6.2)
  - Platform (1.0.0):
    - Domain
    - RxCocoa
    - RXNetworking
    - RxRealm
    - RxSwift
  - R.swift (7.3.2)
  - Realm (10.44.0):
    - Realm/Headers (= 10.44.0)
  - Realm/Headers (10.44.0)
  - RealmSwift (10.44.0):
    - Realm (= 10.44.0)
  - RxCocoa (6.6.0):
    - RxRelay (= 6.6.0)
    - RxSwift (= 6.6.0)
  - RxGesture (4.0.4):
    - RxCocoa (~> 6.0)
    - RxSwift (~> 6.0)
  - RXNetworking (1.0.0):
    - Alamofire
    - RxSwift
    - SwiftyJSON
    - Then
  - RxRealm (5.0.4):
    - Realm (~> 10.21)
    - RealmSwift (~> 10.21)
    - RxCocoa (~> 6.1)
    - RxSwift (~> 6.1)
  - RxRelay (6.6.0):
    - RxSwift (= 6.6.0)
  - RxSwift (6.6.0)
  - RXVIPArchitechture (1.0.0):
    - RxCocoa
  - SteviaLayout (5.1.2)
  - SwiftLint (0.54.0)
  - SwiftyJSON (5.0.1)
  - Then (3.0.0)

DEPENDENCIES:
  - Domain (from `Domain`)
  - MBProgressHUD
  - "NSObject+Rx"
  - Platform (from `Platform`)
  - R.swift
  - RealmSwift
  - RxCocoa
  - RxGesture
  - RXNetworking (from `RX_Networking`)
  - RxSwift
  - "RXVIPArchitechture (from `git@github.com:manhmeu1211/RXVIPArchitechture.git`)"
  - SteviaLayout
  - SwiftLint
  - Then

SPEC REPOS:
  trunk:
    - Alamofire
    - MBProgressHUD
    - "NSObject+Rx"
    - R.swift
    - Realm
    - RealmSwift
    - RxCocoa
    - RxGesture
    - RxRealm
    - RxRelay
    - RxSwift
    - SteviaLayout
    - SwiftLint
    - SwiftyJSON
    - Then

EXTERNAL SOURCES:
  Domain:
    :path: Domain
  Platform:
    :path: Platform
  RXNetworking:
    :path: RX_Networking
  RXVIPArchitechture:
    :git: "git@github.com:manhmeu1211/RXVIPArchitechture.git"

CHECKOUT OPTIONS:
  RXVIPArchitechture:
    :commit: 023daeeda1005295616c7b14b314f6afbd24c480
    :git: "git@github.com:manhmeu1211/RXVIPArchitechture.git"

SPEC CHECKSUMS:
  Alamofire: 3ca42e259043ee0dc5c0cdd76c4bc568b8e42af7
  Domain: a81060b5ebb6be98286453ef69798b69799d4139
  MBProgressHUD: 3ee5efcc380f6a79a7cc9b363dd669c5e1ae7406
  "NSObject+Rx": 61cf1f7306a73dcef8b36649198af0813ec18dfd
  Platform: 9139ab2b9f7988546e7dccf9d699908a4b2f75cd
  R.swift: 0af0d882f49f03711415cb4e5215daa977d8a480
  Realm: 0419a32457873acb720df25bf1d658df36967cf2
  RealmSwift: 352f85c018b4d0efe961974bfa95bf7a30e079f6
  RxCocoa: 44a80de90e25b739b5aeaae3c8c371a32e3343cc
  RxGesture: f3efb47ed2d26a8082f7b660d4a59970e275a7f8
  RXNetworking: 75c4fb325e5a8531ef4536648d37e70de11c845d
  RxRealm: 666c8785327fe2fff972a3093b35dc7055c1ca38
  RxRelay: 45eaa5db8ee4fb50e5ebd57deec0159e97fa51e6
  RxSwift: a4b44f7d24599f674deebd1818eab82e58410632
  RXVIPArchitechture: c38f377fe8fb284757d4747bf6709ab6a5203f1a
  SteviaLayout: 05424e528d643657d39ce72c786e4adf13cfc5f2
  SwiftLint: c1de071d9d08c8aba837545f6254315bc900e211
  SwiftyJSON: 2f33a42c6fbc52764d96f13368585094bfd8aa5e
  Then: 844265ae87834bbe1147d91d5d41a404da2ec27d

PODFILE CHECKSUM: b99b0521f45db23a477821753a2b94af8cb9b984

COCOAPODS: 1.14.3
